
Microsoft Visual Studio Solution File, Format Version 12.00
# Visual Studio Version 16
VisualStudioVersion = 16.0.33927.289
MinimumVisualStudioVersion = 10.0.40219.1
Project("{FAE04EC0-301F-11D3-BF4B-00C04F79EFBC}") = "Tyuiu.ZargarovAA.Sprint3.Task0.V22", "Tyuiu.ZargarovAA.Sprint3.Task0.V22\Tyuiu.ZargarovAA.Sprint3.Task0.V22.csproj", "{594B8C19-F6E4-45E0-8561-261C8D881F4D}"
EndProject
Project("{FAE04EC0-301F-11D3-BF4B-00C04F79EFBC}") = "Tyuiu.ZargarovAA.Sprint3.Task0.V22.Lib", "Tyuiu.ZargarovAA.Sprint3.Task0.V22.Lib\Tyuiu.ZargarovAA.Sprint3.Task0.V22.Lib.csproj", "{ABE65172-7F29-4B00-9470-1E39BB8D714C}"
EndProject
Project("{FAE04EC0-301F-11D3-BF4B-00C04F79EFBC}") = "Tyuiu.ZargarovAA.Sprint3.Task0.V22.Test", "Tyuiu.ZargarovAA.Sprint3.Task0.V22.Test\Tyuiu.ZargarovAA.Sprint3.Task0.V22.Test.csproj", "{798004FF-F1DC-4F0D-AAD5-66488120F2E5}"
EndProject
Project("{2150E333-8FDC-42A3-9474-1A3956D46DE8}") = "Task0", "Task0", "{6A9AE118-A2E7-49D2-8108-009113C8E81B}"
EndProject
Project("{2150E333-8FDC-42A3-9474-1A3956D46DE8}") = "Task1", "Task1", "{A0AFC11A-23A3-4930-AAF7-04A8181EC9BF}"
EndProject
Project("{FAE04EC0-301F-11D3-BF4B-00C04F79EFBC}") = "Tyuiu.ZargarovAA.Sprint3.Task1.V21", "Tyuiu.ZargarovAA.Sprint3.Task1.V21\Tyuiu.ZargarovAA.Sprint3.Task1.V21.csproj", "{507C7BB9-08A9-40B2-864F-ABE5322E7155}"
EndProject
Project("{FAE04EC0-301F-11D3-BF4B-00C04F79EFBC}") = "Tyuiu.ZargarovAA.Sprint3.Task1.V21.Lib", "Tyuiu.ZargarovAA.Sprint3.Task1.V21.Lib\Tyuiu.ZargarovAA.Sprint3.Task1.V21.Lib.csproj", "{F458E705-9736-4466-B6FF-B87944E6AB95}"
EndProject
Project("{FAE04EC0-301F-11D3-BF4B-00C04F79EFBC}") = "Tyuiu.ZargarovAA.Sprint3.Task1.V21.Test", "Tyuiu.ZargarovAA.Sprint3.Task1.V21.Test\Tyuiu.ZargarovAA.Sprint3.Task1.V21.Test.csproj", "{03C7BB0F-B790-4978-9211-50AE08779306}"
EndProject
Project("{2150E333-8FDC-42A3-9474-1A3956D46DE8}") = "Task2", "Task2", "{D5562D27-13FC-44ED-806F-3C2AA109E44B}"
EndProject
Project("{FAE04EC0-301F-11D3-BF4B-00C04F79EFBC}") = "Tyuiu.ZargarovAA.Sprint3.Task2.V16", "Tyuiu.ZargarovAA.Sprint3.Task2.V16\Tyuiu.ZargarovAA.Sprint3.Task2.V16.csproj", "{97DF1221-6D8E-43D9-96A7-01A58A0B25A6}"
EndProject
Project("{FAE04EC0-301F-11D3-BF4B-00C04F79EFBC}") = "Tyuiu.ZargarovAA.Sprint3.Task2.V16.Lib", "Tyuiu.ZargarovAA.Sprint3.Task2.V16.Lib\Tyuiu.ZargarovAA.Sprint3.Task2.V16.Lib.csproj", "{645D0568-C67C-4702-B285-1F267F423CA9}"
EndProject
Project("{FAE04EC0-301F-11D3-BF4B-00C04F79EFBC}") = "Tyuiu.ZargarovAA.Sprint3.Task2.V16.Test", "Tyuiu.ZargarovAA.Sprint3.Task2.V16.Test\Tyuiu.ZargarovAA.Sprint3.Task2.V16.Test.csproj", "{C5BF2383-4CA5-457F-B0EC-36ECF7167062}"
EndProject
Project("{2150E333-8FDC-42A3-9474-1A3956D46DE8}") = "Task3", "Task3", "{438977DB-82DD-429E-949A-E2A45A9916F2}"
EndProject
Project("{FAE04EC0-301F-11D3-BF4B-00C04F79EFBC}") = "Tyuiu.ZargarovAA.Sprint3.Task3.V10", "Tyuiu.ZargarovAA.Sprint3.Task3.V10\Tyuiu.ZargarovAA.Sprint3.Task3.V10.csproj", "{B10F2C41-D6E2-424A-8059-CBFA5079F6EF}"
EndProject
Project("{FAE04EC0-301F-11D3-BF4B-00C04F79EFBC}") = "Tyuiu.ZargarovAA.Sprint3.Task3.V10.Lib", "Tyuiu.ZargarovAA.Sprint3.Task3.V10.Lib\Tyuiu.ZargarovAA.Sprint3.Task3.V10.Lib.csproj", "{34B60AC3-DFD8-480D-B6C1-58A7919C4BFA}"
EndProject
Project("{FAE04EC0-301F-11D3-BF4B-00C04F79EFBC}") = "Tyuiu.ZargarovAA.Sprint3.Task3.V10.Test", "Tyuiu.ZargarovAA.Sprint3.Task3.V10.Test\Tyuiu.ZargarovAA.Sprint3.Task3.V10.Test.csproj", "{1D377B70-E519-4B62-A01E-4FDEFD33661A}"
EndProject
Project("{2150E333-8FDC-42A3-9474-1A3956D46DE8}") = "Task4", "Task4", "{1D8BF0F1-84FE-425D-A14E-6D485150CCE0}"
EndProject
Project("{FAE04EC0-301F-11D3-BF4B-00C04F79EFBC}") = "Tyuiu.ZargarovAA.Sprint3.Task4.V8", "Tyuiu.ZargarovAA.Sprint3.Task4.V8\Tyuiu.ZargarovAA.Sprint3.Task4.V8.csproj", "{3EC2338A-940F-4232-AE24-4B0647DE9368}"
EndProject
Project("{FAE04EC0-301F-11D3-BF4B-00C04F79EFBC}") = "Tyuiu.ZargarovAA.Sprint3.Task4.V8.Lib", "Tyuiu.ZargarovAA.Sprint3.Task4.V8.Lib\Tyuiu.ZargarovAA.Sprint3.Task4.V8.Lib.csproj", "{4DB668D7-34A7-44F0-9EAC-108F4825BCE7}"
EndProject
Project("{FAE04EC0-301F-11D3-BF4B-00C04F79EFBC}") = "Tyuiu.ZargarovAA.Sprint3.Task4.V8.Test", "Tyuiu.ZargarovAA.Sprint3.Task4.V8.Test\Tyuiu.ZargarovAA.Sprint3.Task4.V8.Test.csproj", "{D8F4FD95-D79B-4CFE-A25E-336367712EE3}"
EndProject
Global
	GlobalSection(SolutionConfigurationPlatforms) = preSolution
		Debug|Any CPU = Debug|Any CPU
		Release|Any CPU = Release|Any CPU
	EndGlobalSection
	GlobalSection(ProjectConfigurationPlatforms) = postSolution
		{594B8C19-F6E4-45E0-8561-261C8D881F4D}.Debug|Any CPU.ActiveCfg = Debug|Any CPU
		{594B8C19-F6E4-45E0-8561-261C8D881F4D}.Debug|Any CPU.Build.0 = Debug|Any CPU
		{594B8C19-F6E4-45E0-8561-261C8D881F4D}.Release|Any CPU.ActiveCfg = Release|Any CPU
		{594B8C19-F6E4-45E0-8561-261C8D881F4D}.Release|Any CPU.Build.0 = Release|Any CPU
		{ABE65172-7F29-4B00-9470-1E39BB8D714C}.Debug|Any CPU.ActiveCfg = Debug|Any CPU
		{ABE65172-7F29-4B00-9470-1E39BB8D714C}.Debug|Any CPU.Build.0 = Debug|Any CPU
		{ABE65172-7F29-4B00-9470-1E39BB8D714C}.Release|Any CPU.ActiveCfg = Release|Any CPU
		{ABE65172-7F29-4B00-9470-1E39BB8D714C}.Release|Any CPU.Build.0 = Release|Any CPU
		{798004FF-F1DC-4F0D-AAD5-66488120F2E5}.Debug|Any CPU.ActiveCfg = Debug|Any CPU
		{798004FF-F1DC-4F0D-AAD5-66488120F2E5}.Debug|Any CPU.Build.0 = Debug|Any CPU
		{798004FF-F1DC-4F0D-AAD5-66488120F2E5}.Release|Any CPU.ActiveCfg = Release|Any CPU
		{798004FF-F1DC-4F0D-AAD5-66488120F2E5}.Release|Any CPU.Build.0 = Release|Any CPU
		{507C7BB9-08A9-40B2-864F-ABE5322E7155}.Debug|Any CPU.ActiveCfg = Debug|Any CPU
		{507C7BB9-08A9-40B2-864F-ABE5322E7155}.Debug|Any CPU.Build.0 = Debug|Any CPU
		{507C7BB9-08A9-40B2-864F-ABE5322E7155}.Release|Any CPU.ActiveCfg = Release|Any CPU
		{507C7BB9-08A9-40B2-864F-ABE5322E7155}.Release|Any CPU.Build.0 = Release|Any CPU
		{F458E705-9736-4466-B6FF-B87944E6AB95}.Debug|Any CPU.ActiveCfg = Debug|Any CPU
		{F458E705-9736-4466-B6FF-B87944E6AB95}.Debug|Any CPU.Build.0 = Debug|Any CPU
		{F458E705-9736-4466-B6FF-B87944E6AB95}.Release|Any CPU.ActiveCfg = Release|Any CPU
		{F458E705-9736-4466-B6FF-B87944E6AB95}.Release|Any CPU.Build.0 = Release|Any CPU
		{03C7BB0F-B790-4978-9211-50AE08779306}.Debug|Any CPU.ActiveCfg = Debug|Any CPU
		{03C7BB0F-B790-4978-9211-50AE08779306}.Debug|Any CPU.Build.0 = Debug|Any CPU
		{03C7BB0F-B790-4978-9211-50AE08779306}.Release|Any CPU.ActiveCfg = Release|Any CPU
		{03C7BB0F-B790-4978-9211-50AE08779306}.Release|Any CPU.Build.0 = Release|Any CPU
		{97DF1221-6D8E-43D9-96A7-01A58A0B25A6}.Debug|Any CPU.ActiveCfg = Debug|Any CPU
		{97DF1221-6D8E-43D9-96A7-01A58A0B25A6}.Debug|Any CPU.Build.0 = Debug|Any CPU
		{97DF1221-6D8E-43D9-96A7-01A58A0B25A6}.Release|Any CPU.ActiveCfg = Release|Any CPU
		{97DF1221-6D8E-43D9-96A7-01A58A0B25A6}.Release|Any CPU.Build.0 = Release|Any CPU
		{645D0568-C67C-4702-B285-1F267F423CA9}.Debug|Any CPU.ActiveCfg = Debug|Any CPU
		{645D0568-C67C-4702-B285-1F267F423CA9}.Debug|Any CPU.Build.0 = Debug|Any CPU
		{645D0568-C67C-4702-B285-1F267F423CA9}.Release|Any CPU.ActiveCfg = Release|Any CPU
		{645D0568-C67C-4702-B285-1F267F423CA9}.Release|Any CPU.Build.0 = Release|Any CPU
		{C5BF2383-4CA5-457F-B0EC-36ECF7167062}.Debug|Any CPU.ActiveCfg = Debug|Any CPU
		{C5BF2383-4CA5-457F-B0EC-36ECF7167062}.Debug|Any CPU.Build.0 = Debug|Any CPU
		{C5BF2383-4CA5-457F-B0EC-36ECF7167062}.Release|Any CPU.ActiveCfg = Release|Any CPU
		{C5BF2383-4CA5-457F-B0EC-36ECF7167062}.Release|Any CPU.Build.0 = Release|Any CPU
		{B10F2C41-D6E2-424A-8059-CBFA5079F6EF}.Debug|Any CPU.ActiveCfg = Debug|Any CPU
		{B10F2C41-D6E2-424A-8059-CBFA5079F6EF}.Debug|Any CPU.Build.0 = Debug|Any CPU
		{B10F2C41-D6E2-424A-8059-CBFA5079F6EF}.Release|Any CPU.ActiveCfg = Release|Any CPU
		{B10F2C41-D6E2-424A-8059-CBFA5079F6EF}.Release|Any CPU.Build.0 = Release|Any CPU
		{34B60AC3-DFD8-480D-B6C1-58A7919C4BFA}.Debug|Any CPU.ActiveCfg = Debug|Any CPU
		{34B60AC3-DFD8-480D-B6C1-58A7919C4BFA}.Debug|Any CPU.Build.0 = Debug|Any CPU
		{34B60AC3-DFD8-480D-B6C1-58A7919C4BFA}.Release|Any CPU.ActiveCfg = Release|Any CPU
		{34B60AC3-DFD8-480D-B6C1-58A7919C4BFA}.Release|Any CPU.Build.0 = Release|Any CPU
		{1D377B70-E519-4B62-A01E-4FDEFD33661A}.Debug|Any CPU.ActiveCfg = Debug|Any CPU
		{1D377B70-E519-4B62-A01E-4FDEFD33661A}.Debug|Any CPU.Build.0 = Debug|Any CPU
		{1D377B70-E519-4B62-A01E-4FDEFD33661A}.Release|Any CPU.ActiveCfg = Release|Any CPU
		{1D377B70-E519-4B62-A01E-4FDEFD33661A}.Release|Any CPU.Build.0 = Release|Any CPU
		{3EC2338A-940F-4232-AE24-4B0647DE9368}.Debug|Any CPU.ActiveCfg = Debug|Any CPU
		{3EC2338A-940F-4232-AE24-4B0647DE9368}.Debug|Any CPU.Build.0 = Debug|Any CPU
		{3EC2338A-940F-4232-AE24-4B0647DE9368}.Release|Any CPU.ActiveCfg = Release|Any CPU
		{3EC2338A-940F-4232-AE24-4B0647DE9368}.Release|Any CPU.Build.0 = Release|Any CPU
		{4DB668D7-34A7-44F0-9EAC-108F4825BCE7}.Debug|Any CPU.ActiveCfg = Debug|Any CPU
		{4DB668D7-34A7-44F0-9EAC-108F4825BCE7}.Debug|Any CPU.Build.0 = Debug|Any CPU
		{4DB668D7-34A7-44F0-9EAC-108F4825BCE7}.Release|Any CPU.ActiveCfg = Release|Any CPU
		{4DB668D7-34A7-44F0-9EAC-108F4825BCE7}.Release|Any CPU.Build.0 = Release|Any CPU
		{D8F4FD95-D79B-4CFE-A25E-336367712EE3}.Debug|Any CPU.ActiveCfg = Debug|Any CPU
		{D8F4FD95-D79B-4CFE-A25E-336367712EE3}.Debug|Any CPU.Build.0 = Debug|Any CPU
		{D8F4FD95-D79B-4CFE-A25E-336367712EE3}.Release|Any CPU.ActiveCfg = Release|Any CPU
		{D8F4FD95-D79B-4CFE-A25E-336367712EE3}.Release|Any CPU.Build.0 = Release|Any CPU
	EndGlobalSection
	GlobalSection(SolutionProperties) = preSolution
		HideSolutionNode = FALSE
	EndGlobalSection
	GlobalSection(NestedProjects) = preSolution
		{594B8C19-F6E4-45E0-8561-261C8D881F4D} = {6A9AE118-A2E7-49D2-8108-009113C8E81B}
		{ABE65172-7F29-4B00-9470-1E39BB8D714C} = {6A9AE118-A2E7-49D2-8108-009113C8E81B}
		{798004FF-F1DC-4F0D-AAD5-66488120F2E5} = {6A9AE118-A2E7-49D2-8108-009113C8E81B}
		{507C7BB9-08A9-40B2-864F-ABE5322E7155} = {A0AFC11A-23A3-4930-AAF7-04A8181EC9BF}
		{F458E705-9736-4466-B6FF-B87944E6AB95} = {A0AFC11A-23A3-4930-AAF7-04A8181EC9BF}
		{03C7BB0F-B790-4978-9211-50AE08779306} = {A0AFC11A-23A3-4930-AAF7-04A8181EC9BF}
		{97DF1221-6D8E-43D9-96A7-01A58A0B25A6} = {D5562D27-13FC-44ED-806F-3C2AA109E44B}
		{645D0568-C67C-4702-B285-1F267F423CA9} = {D5562D27-13FC-44ED-806F-3C2AA109E44B}
		{C5BF2383-4CA5-457F-B0EC-36ECF7167062} = {D5562D27-13FC-44ED-806F-3C2AA109E44B}
		{B10F2C41-D6E2-424A-8059-CBFA5079F6EF} = {438977DB-82DD-429E-949A-E2A45A9916F2}
		{34B60AC3-DFD8-480D-B6C1-58A7919C4BFA} = {438977DB-82DD-429E-949A-E2A45A9916F2}
		{1D377B70-E519-4B62-A01E-4FDEFD33661A} = {438977DB-82DD-429E-949A-E2A45A9916F2}
		{3EC2338A-940F-4232-AE24-4B0647DE9368} = {1D8BF0F1-84FE-425D-A14E-6D485150CCE0}
		{4DB668D7-34A7-44F0-9EAC-108F4825BCE7} = {1D8BF0F1-84FE-425D-A14E-6D485150CCE0}
		{D8F4FD95-D79B-4CFE-A25E-336367712EE3} = {1D8BF0F1-84FE-425D-A14E-6D485150CCE0}
	EndGlobalSection
	GlobalSection(ExtensibilityGlobals) = postSolution
		SolutionGuid = {08D82234-D771-407A-A704-A6EA4755CC67}
	EndGlobalSection
EndGlobal
