
Microsoft Visual Studio Solution File, Format Version 12.00
# Visual Studio Version 16
VisualStudioVersion = 16.0.33927.289
MinimumVisualStudioVersion = 10.0.40219.1
Project("{FAE04EC0-301F-11D3-BF4B-00C04F79EFBC}") = "Tyuiu.ZargarovAA.Sprint3.Task0.V22", "Tyuiu.ZargarovAA.Sprint3.Task0.V22\Tyuiu.ZargarovAA.Sprint3.Task0.V22.csproj", "{594B8C19-F6E4-45E0-8561-261C8D881F4D}"
EndProject
Project("{FAE04EC0-301F-11D3-BF4B-00C04F79EFBC}") = "Tyuiu.ZargarovAA.Sprint3.Task0.V22.Lib", "Tyuiu.ZargarovAA.Sprint3.Task0.V22.Lib\Tyuiu.ZargarovAA.Sprint3.Task0.V22.Lib.csproj", "{ABE65172-7F29-4B00-9470-1E39BB8D714C}"
EndProject
Project("{FAE04EC0-301F-11D3-BF4B-00C04F79EFBC}") = "Tyuiu.ZargarovAA.Sprint3.Task0.V22.Test", "Tyuiu.ZargarovAA.Sprint3.Task0.V22.Test\Tyuiu.ZargarovAA.Sprint3.Task0.V22.Test.csproj", "{798004FF-F1DC-4F0D-AAD5-66488120F2E5}"
EndProject
Project("{2150E333-8FDC-42A3-9474-1A3956D46DE8}") = "Task0", "Task0", "{6A9AE118-A2E7-49D2-8108-009113C8E81B}"
EndProject
Project("{2150E333-8FDC-42A3-9474-1A3956D46DE8}") = "Task1", "Task1", "{A0AFC11A-23A3-4930-AAF7-04A8181EC9BF}"
EndProject
Project("{FAE04EC0-301F-11D3-BF4B-00C04F79EFBC}") = "Tyuiu.ZargarovAA.Sprint3.Task1.V21", "Tyuiu.ZargarovAA.Sprint3.Task1.V21\Tyuiu.ZargarovAA.Sprint3.Task1.V21.csproj", "{507C7BB9-08A9-40B2-864F-ABE5322E7155}"
EndProject
Project("{FAE04EC0-301F-11D3-BF4B-00C04F79EFBC}") = "Tyuiu.ZargarovAA.Sprint3.Task1.V21.Lib", "Tyuiu.ZargarovAA.Sprint3.Task1.V21.Lib\Tyuiu.ZargarovAA.Sprint3.Task1.V21.Lib.csproj", "{F458E705-9736-4466-B6FF-B87944E6AB95}"
EndProject
Project("{FAE04EC0-301F-11D3-BF4B-00C04F79EFBC}") = "Tyuiu.ZargarovAA.Sprint3.Task1.V21.Test", "Tyuiu.ZargarovAA.Sprint3.Task1.V21.Test\Tyuiu.ZargarovAA.Sprint3.Task1.V21.Test.csproj", "{03C7BB0F-B790-4978-9211-50AE08779306}"
EndProject
Global
	GlobalSection(SolutionConfigurationPlatforms) = preSolution
		Debug|Any CPU = Debug|Any CPU
		Release|Any CPU = Release|Any CPU
	EndGlobalSection
	GlobalSection(ProjectConfigurationPlatforms) = postSolution
		{594B8C19-F6E4-45E0-8561-261C8D881F4D}.Debug|Any CPU.ActiveCfg = Debug|Any CPU
		{594B8C19-F6E4-45E0-8561-261C8D881F4D}.Debug|Any CPU.Build.0 = Debug|Any CPU
		{594B8C19-F6E4-45E0-8561-261C8D881F4D}.Release|Any CPU.ActiveCfg = Release|Any CPU
		{594B8C19-F6E4-45E0-8561-261C8D881F4D}.Release|Any CPU.Build.0 = Release|Any CPU
		{ABE65172-7F29-4B00-9470-1E39BB8D714C}.Debug|Any CPU.ActiveCfg = Debug|Any CPU
		{ABE65172-7F29-4B00-9470-1E39BB8D714C}.Debug|Any CPU.Build.0 = Debug|Any CPU
		{ABE65172-7F29-4B00-9470-1E39BB8D714C}.Release|Any CPU.ActiveCfg = Release|Any CPU
		{ABE65172-7F29-4B00-9470-1E39BB8D714C}.Release|Any CPU.Build.0 = Release|Any CPU
		{798004FF-F1DC-4F0D-AAD5-66488120F2E5}.Debug|Any CPU.ActiveCfg = Debug|Any CPU
		{798004FF-F1DC-4F0D-AAD5-66488120F2E5}.Debug|Any CPU.Build.0 = Debug|Any CPU
		{798004FF-F1DC-4F0D-AAD5-66488120F2E5}.Release|Any CPU.ActiveCfg = Release|Any CPU
		{798004FF-F1DC-4F0D-AAD5-66488120F2E5}.Release|Any CPU.Build.0 = Release|Any CPU
		{507C7BB9-08A9-40B2-864F-ABE5322E7155}.Debug|Any CPU.ActiveCfg = Debug|Any CPU
		{507C7BB9-08A9-40B2-864F-ABE5322E7155}.Debug|Any CPU.Build.0 = Debug|Any CPU
		{507C7BB9-08A9-40B2-864F-ABE5322E7155}.Release|Any CPU.ActiveCfg = Release|Any CPU
		{507C7BB9-08A9-40B2-864F-ABE5322E7155}.Release|Any CPU.Build.0 = Release|Any CPU
		{F458E705-9736-4466-B6FF-B87944E6AB95}.Debug|Any CPU.ActiveCfg = Debug|Any CPU
		{F458E705-9736-4466-B6FF-B87944E6AB95}.Debug|Any CPU.Build.0 = Debug|Any CPU
		{F458E705-9736-4466-B6FF-B87944E6AB95}.Release|Any CPU.ActiveCfg = Release|Any CPU
		{F458E705-9736-4466-B6FF-B87944E6AB95}.Release|Any CPU.Build.0 = Release|Any CPU
		{03C7BB0F-B790-4978-9211-50AE08779306}.Debug|Any CPU.ActiveCfg = Debug|Any CPU
		{03C7BB0F-B790-4978-9211-50AE08779306}.Debug|Any CPU.Build.0 = Debug|Any CPU
		{03C7BB0F-B790-4978-9211-50AE08779306}.Release|Any CPU.ActiveCfg = Release|Any CPU
		{03C7BB0F-B790-4978-9211-50AE08779306}.Release|Any CPU.Build.0 = Release|Any CPU
	EndGlobalSection
	GlobalSection(SolutionProperties) = preSolution
		HideSolutionNode = FALSE
	EndGlobalSection
	GlobalSection(NestedProjects) = preSolution
		{594B8C19-F6E4-45E0-8561-261C8D881F4D} = {6A9AE118-A2E7-49D2-8108-009113C8E81B}
		{ABE65172-7F29-4B00-9470-1E39BB8D714C} = {6A9AE118-A2E7-49D2-8108-009113C8E81B}
		{798004FF-F1DC-4F0D-AAD5-66488120F2E5} = {6A9AE118-A2E7-49D2-8108-009113C8E81B}
		{507C7BB9-08A9-40B2-864F-ABE5322E7155} = {A0AFC11A-23A3-4930-AAF7-04A8181EC9BF}
		{F458E705-9736-4466-B6FF-B87944E6AB95} = {A0AFC11A-23A3-4930-AAF7-04A8181EC9BF}
		{03C7BB0F-B790-4978-9211-50AE08779306} = {A0AFC11A-23A3-4930-AAF7-04A8181EC9BF}
	EndGlobalSection
	GlobalSection(ExtensibilityGlobals) = postSolution
		SolutionGuid = {08D82234-D771-407A-A704-A6EA4755CC67}
	EndGlobalSection
EndGlobal
